
Microsoft Visual Studio Solution File, Format Version 12.00
# Visual Studio Version 16
VisualStudioVersion = 16.0.31624.102
MinimumVisualStudioVersion = 10.0.40219.1
Project("{FAE04EC0-301F-11D3-BF4B-00C04F79EFBC}") = "Ecart", "Ecart.csproj", "{950A8350-AB75-4747-9529-6795827EC470}"
EndProject
Project("{FAE04EC0-301F-11D3-BF4B-00C04F79EFBC}") = "products", "..\products\products.csproj", "{9C44C1A6-D1B9-4850-92C6-DC0291C479E6}"
EndProject
Project("{FAE04EC0-301F-11D3-BF4B-00C04F79EFBC}") = "Models", "..\Models\Models.csproj", "{3552F76C-3028-4ED6-8E27-67600C1BF47C}"
EndProject
Global
	GlobalSection(SolutionConfigurationPlatforms) = preSolution
		Debug|Any CPU = Debug|Any CPU
		Release|Any CPU = Release|Any CPU
	EndGlobalSection
	GlobalSection(ProjectConfigurationPlatforms) = postSolution
		{950A8350-AB75-4747-9529-6795827EC470}.Debug|Any CPU.ActiveCfg = Debug|Any CPU
		{950A8350-AB75-4747-9529-6795827EC470}.Debug|Any CPU.Build.0 = Debug|Any CPU
		{950A8350-AB75-4747-9529-6795827EC470}.Release|Any CPU.ActiveCfg = Release|Any CPU
		{950A8350-AB75-4747-9529-6795827EC470}.Release|Any CPU.Build.0 = Release|Any CPU
		{9C44C1A6-D1B9-4850-92C6-DC0291C479E6}.Debug|Any CPU.ActiveCfg = Debug|Any CPU
		{9C44C1A6-D1B9-4850-92C6-DC0291C479E6}.Debug|Any CPU.Build.0 = Debug|Any CPU
		{9C44C1A6-D1B9-4850-92C6-DC0291C479E6}.Release|Any CPU.ActiveCfg = Release|Any CPU
		{9C44C1A6-D1B9-4850-92C6-DC0291C479E6}.Release|Any CPU.Build.0 = Release|Any CPU
		{3552F76C-3028-4ED6-8E27-67600C1BF47C}.Debug|Any CPU.ActiveCfg = Debug|Any CPU
		{3552F76C-3028-4ED6-8E27-67600C1BF47C}.Debug|Any CPU.Build.0 = Debug|Any CPU
		{3552F76C-3028-4ED6-8E27-67600C1BF47C}.Release|Any CPU.ActiveCfg = Release|Any CPU
		{3552F76C-3028-4ED6-8E27-67600C1BF47C}.Release|Any CPU.Build.0 = Release|Any CPU
	EndGlobalSection
	GlobalSection(SolutionProperties) = preSolution
		HideSolutionNode = FALSE
	EndGlobalSection
	GlobalSection(ExtensibilityGlobals) = postSolution
		SolutionGuid = {A6D91713-AF64-4009-ACA1-8231E816386E}
	EndGlobalSection
EndGlobal
